PODS:
  - Alamofire (3.4.1)
  - Crashlytics (3.7.1):
    - Fabric (~> 1.6.3)
  - Fabric (1.6.7)
  - ReachabilitySwift (2.3.3)
  - SwiftyJSON (2.3.2)

DEPENDENCIES:
  - Alamofire (~> 3.0)
  - Crashlytics
  - Fabric
  - ReachabilitySwift (from `https://github.com/ashleymills/Reachability.swift`)
  - SwiftyJSON

EXTERNAL SOURCES:
  ReachabilitySwift:
    :git: https://github.com/ashleymills/Reachability.swift

CHECKOUT OPTIONS:
  ReachabilitySwift:
    :commit: cbbfc0907e8a67107289be9d1180538c3fbccd93
    :git: https://github.com/ashleymills/Reachability.swift

SPEC CHECKSUMS:
  Alamofire: 01a82e2f6c0f860ade35534c8dd88be61bdef40c
  Crashlytics: 3cdd4c9655be68032a0cf0379e0fb5ef6af22cad
  Fabric: caf7580c725e64db144f610ac65cd60956911dc7
  ReachabilitySwift: e0f6b6f280effb47731acfaaa2d5ffe223703793
  SwiftyJSON: 04ccea08915aa0109039157c7974cf0298da292a

PODFILE CHECKSUM: 3bef0bb5632c1cd00cfc32d006e476b65e6fc3f0

COCOAPODS: 1.0.1
